
Microsoft Visual Studio Solution File, Format Version 12.00
Project("{2150E333-8FDC-42A3-9474-1A3956D46DE8}") = "src", "src", "{85784DFE-11A1-46FD-BDF3-55C61ECC267C}"
EndProject
Project("{FAE04EC0-301F-11D3-BF4B-00C04F79EFBC}") = "TaskBookPomo.Cli", "src\TaskBookPomo.Cli\TaskBookPomo.Cli.csproj", "{D0EC9763-CE8B-4FFA-B846-8EB8D6AB9336}"
EndProject
Project("{2150E333-8FDC-42A3-9474-1A3956D46DE8}") = "Hosts", "Hosts", "{CC4AB3EC-15E3-45B7-896A-7D1C8D547BE2}"
EndProject
Project("{2150E333-8FDC-42A3-9474-1A3956D46DE8}") = "Shared", "Shared", "{58F97C95-3F97-42DF-8B51-E029E3752F5A}"
EndProject
Project("{FAE04EC0-301F-11D3-BF4B-00C04F79EFBC}") = "TaskBookPomo.Bootstrap", "src\TaskBookPomo.Bootstrap\TaskBookPomo.Bootstrap.csproj", "{B8B4FC12-BE06-488A-9522-00190235F322}"
EndProject
Project("{FAE04EC0-301F-11D3-BF4B-00C04F79EFBC}") = "TaskBookPomo.Web", "src\TaskBookPomo.Web\TaskBookPomo.Web.csproj", "{F0D89006-6421-42DF-B916-E94C3E4CA7F2}"
EndProject
Project("{2150E333-8FDC-42A3-9474-1A3956D46DE8}") = "Components", "Components", "{02079576-7494-4EF8-B749-527DFA666A7A}"
EndProject
Project("{FAE04EC0-301F-11D3-BF4B-00C04F79EFBC}") = "TaskBookPomo.Infrastructure", "src\TaskBookPomo.Infrastructure\TaskBookPomo.Infrastructure.csproj", "{CEAE565B-4E3D-4779-B09A-40DA4C79DC90}"
EndProject
Project("{FAE04EC0-301F-11D3-BF4B-00C04F79EFBC}") = "TaskBookPomo.Common", "src\TaskBookPomo.Common\TaskBookPomo.Common.csproj", "{DB1F84EC-6BFA-4A5E-AA5F-975E79276143}"
EndProject
Global
	GlobalSection(SolutionConfigurationPlatforms) = preSolution
		Debug|Any CPU = Debug|Any CPU
		Release|Any CPU = Release|Any CPU
	EndGlobalSection
	GlobalSection(NestedProjects) = preSolution
		{CC4AB3EC-15E3-45B7-896A-7D1C8D547BE2} = {85784DFE-11A1-46FD-BDF3-55C61ECC267C}
		{D0EC9763-CE8B-4FFA-B846-8EB8D6AB9336} = {CC4AB3EC-15E3-45B7-896A-7D1C8D547BE2}
		{58F97C95-3F97-42DF-8B51-E029E3752F5A} = {85784DFE-11A1-46FD-BDF3-55C61ECC267C}
		{B8B4FC12-BE06-488A-9522-00190235F322} = {58F97C95-3F97-42DF-8B51-E029E3752F5A}
		{F0D89006-6421-42DF-B916-E94C3E4CA7F2} = {CC4AB3EC-15E3-45B7-896A-7D1C8D547BE2}
		{02079576-7494-4EF8-B749-527DFA666A7A} = {85784DFE-11A1-46FD-BDF3-55C61ECC267C}
		{CEAE565B-4E3D-4779-B09A-40DA4C79DC90} = {02079576-7494-4EF8-B749-527DFA666A7A}
		{DB1F84EC-6BFA-4A5E-AA5F-975E79276143} = {58F97C95-3F97-42DF-8B51-E029E3752F5A}
	EndGlobalSection
	GlobalSection(ProjectConfigurationPlatforms) = postSolution
		{D0EC9763-CE8B-4FFA-B846-8EB8D6AB9336}.Debug|Any CPU.ActiveCfg = Debug|Any CPU
		{D0EC9763-CE8B-4FFA-B846-8EB8D6AB9336}.Debug|Any CPU.Build.0 = Debug|Any CPU
		{D0EC9763-CE8B-4FFA-B846-8EB8D6AB9336}.Release|Any CPU.ActiveCfg = Release|Any CPU
		{D0EC9763-CE8B-4FFA-B846-8EB8D6AB9336}.Release|Any CPU.Build.0 = Release|Any CPU
		{B8B4FC12-BE06-488A-9522-00190235F322}.Debug|Any CPU.ActiveCfg = Debug|Any CPU
		{B8B4FC12-BE06-488A-9522-00190235F322}.Debug|Any CPU.Build.0 = Debug|Any CPU
		{B8B4FC12-BE06-488A-9522-00190235F322}.Release|Any CPU.ActiveCfg = Release|Any CPU
		{B8B4FC12-BE06-488A-9522-00190235F322}.Release|Any CPU.Build.0 = Release|Any CPU
		{F0D89006-6421-42DF-B916-E94C3E4CA7F2}.Debug|Any CPU.ActiveCfg = Debug|Any CPU
		{F0D89006-6421-42DF-B916-E94C3E4CA7F2}.Debug|Any CPU.Build.0 = Debug|Any CPU
		{F0D89006-6421-42DF-B916-E94C3E4CA7F2}.Release|Any CPU.ActiveCfg = Release|Any CPU
		{F0D89006-6421-42DF-B916-E94C3E4CA7F2}.Release|Any CPU.Build.0 = Release|Any CPU
		{CEAE565B-4E3D-4779-B09A-40DA4C79DC90}.Debug|Any CPU.ActiveCfg = Debug|Any CPU
		{CEAE565B-4E3D-4779-B09A-40DA4C79DC90}.Debug|Any CPU.Build.0 = Debug|Any CPU
		{CEAE565B-4E3D-4779-B09A-40DA4C79DC90}.Release|Any CPU.ActiveCfg = Release|Any CPU
		{CEAE565B-4E3D-4779-B09A-40DA4C79DC90}.Release|Any CPU.Build.0 = Release|Any CPU
		{DB1F84EC-6BFA-4A5E-AA5F-975E79276143}.Debug|Any CPU.ActiveCfg = Debug|Any CPU
		{DB1F84EC-6BFA-4A5E-AA5F-975E79276143}.Debug|Any CPU.Build.0 = Debug|Any CPU
		{DB1F84EC-6BFA-4A5E-AA5F-975E79276143}.Release|Any CPU.ActiveCfg = Release|Any CPU
		{DB1F84EC-6BFA-4A5E-AA5F-975E79276143}.Release|Any CPU.Build.0 = Release|Any CPU
	EndGlobalSection
EndGlobal
